
Microsoft Visual Studio Solution File, Format Version 12.00
# Visual Studio Version 17
VisualStudioVersion = 17.0.31903.59
MinimumVisualStudioVersion = 10.0.40219.1
Project("{FAE04EC0-301F-11D3-BF4B-00C04F79EFBC}") = "AquaScale.Api", "AquaScale.Api\AquaScale.Api.csproj", "{9A545105-936A-49E7-9680-5D1834A22932}"
EndProject
Project("{FAE04EC0-301F-11D3-BF4B-00C04F79EFBC}") = "AquaScale.Api.Tests", "AquaScale.Api.Tests\AquaScale.Api.Tests.csproj", "{D6CF36EC-6A13-4319-8B89-758BB9A47DE1}"
EndProject
Global
	GlobalSection(SolutionConfigurationPlatforms) = preSolution
		Debug|Any CPU = Debug|Any CPU
		Debug|x64 = Debug|x64
		Debug|x86 = Debug|x86
		Release|Any CPU = Release|Any CPU
		Release|x64 = Release|x64
		Release|x86 = Release|x86
	EndGlobalSection
	GlobalSection(ProjectConfigurationPlatforms) = postSolution
		{9A545105-936A-49E7-9680-5D1834A22932}.Debug|Any CPU.ActiveCfg = Debug|Any CPU
		{9A545105-936A-49E7-9680-5D1834A22932}.Debug|Any CPU.Build.0 = Debug|Any CPU
		{9A545105-936A-49E7-9680-5D1834A22932}.Debug|x64.ActiveCfg = Debug|Any CPU
		{9A545105-936A-49E7-9680-5D1834A22932}.Debug|x64.Build.0 = Debug|Any CPU
		{9A545105-936A-49E7-9680-5D1834A22932}.Debug|x86.ActiveCfg = Debug|Any CPU
		{9A545105-936A-49E7-9680-5D1834A22932}.Debug|x86.Build.0 = Debug|Any CPU
		{9A545105-936A-49E7-9680-5D1834A22932}.Release|Any CPU.ActiveCfg = Release|Any CPU
		{9A545105-936A-49E7-9680-5D1834A22932}.Release|Any CPU.Build.0 = Release|Any CPU
		{9A545105-936A-49E7-9680-5D1834A22932}.Release|x64.ActiveCfg = Release|Any CPU
		{9A545105-936A-49E7-9680-5D1834A22932}.Release|x64.Build.0 = Release|Any CPU
		{9A545105-936A-49E7-9680-5D1834A22932}.Release|x86.ActiveCfg = Release|Any CPU
		{9A545105-936A-49E7-9680-5D1834A22932}.Release|x86.Build.0 = Release|Any CPU
		{D6CF36EC-6A13-4319-8B89-758BB9A47DE1}.Debug|Any CPU.ActiveCfg = Debug|Any CPU
		{D6CF36EC-6A13-4319-8B89-758BB9A47DE1}.Debug|Any CPU.Build.0 = Debug|Any CPU
		{D6CF36EC-6A13-4319-8B89-758BB9A47DE1}.Debug|x64.ActiveCfg = Debug|Any CPU
		{D6CF36EC-6A13-4319-8B89-758BB9A47DE1}.Debug|x64.Build.0 = Debug|Any CPU
		{D6CF36EC-6A13-4319-8B89-758BB9A47DE1}.Debug|x86.ActiveCfg = Debug|Any CPU
		{D6CF36EC-6A13-4319-8B89-758BB9A47DE1}.Debug|x86.Build.0 = Debug|Any CPU
		{D6CF36EC-6A13-4319-8B89-758BB9A47DE1}.Release|Any CPU.ActiveCfg = Release|Any CPU
		{D6CF36EC-6A13-4319-8B89-758BB9A47DE1}.Release|Any CPU.Build.0 = Release|Any CPU
		{D6CF36EC-6A13-4319-8B89-758BB9A47DE1}.Release|x64.ActiveCfg = Release|Any CPU
		{D6CF36EC-6A13-4319-8B89-758BB9A47DE1}.Release|x64.Build.0 = Release|Any CPU
		{D6CF36EC-6A13-4319-8B89-758BB9A47DE1}.Release|x86.ActiveCfg = Release|Any CPU
		{D6CF36EC-6A13-4319-8B89-758BB9A47DE1}.Release|x86.Build.0 = Release|Any CPU
	EndGlobalSection
	GlobalSection(SolutionProperties) = preSolution
		HideSolutionNode = FALSE
	EndGlobalSection
EndGlobal
